
Microsoft Visual Studio Solution File, Format Version 12.00
# Visual Studio Version 16
VisualStudioVersion = 16.0.33027.164
MinimumVisualStudioVersion = 10.0.40219.1
Project("{FAE04EC0-301F-11D3-BF4B-00C04F79EFBC}") = "EmployeePayroll", "EmployeePayroll\EmployeePayroll.csproj", "{1ABF6436-89C7-4D3C-A224-59D91DF1FA2F}"
EndProject
Project("{FAE04EC0-301F-11D3-BF4B-00C04F79EFBC}") = "RepositoryLayer", "Repository Layer\RepositoryLayer.csproj", "{ADF4AE32-4610-4CA7-BA3D-6526004D82C0}"
EndProject
Project("{FAE04EC0-301F-11D3-BF4B-00C04F79EFBC}") = "BusinessLayer", "Business Layer\BusinessLayer.csproj", "{717493AE-0306-4B0A-BF96-571D5E390F7D}"
EndProject
Project("{FAE04EC0-301F-11D3-BF4B-00C04F79EFBC}") = "CommonLayer", "Common Layer\CommonLayer.csproj", "{C76746C5-9EBD-426D-BD25-935E28EBBCAF}"
EndProject
Global
	GlobalSection(SolutionConfigurationPlatforms) = preSolution
		Debug|Any CPU = Debug|Any CPU
		Release|Any CPU = Release|Any CPU
	EndGlobalSection
	GlobalSection(ProjectConfigurationPlatforms) = postSolution
		{1ABF6436-89C7-4D3C-A224-59D91DF1FA2F}.Debug|Any CPU.ActiveCfg = Debug|Any CPU
		{1ABF6436-89C7-4D3C-A224-59D91DF1FA2F}.Debug|Any CPU.Build.0 = Debug|Any CPU
		{1ABF6436-89C7-4D3C-A224-59D91DF1FA2F}.Release|Any CPU.ActiveCfg = Release|Any CPU
		{1ABF6436-89C7-4D3C-A224-59D91DF1FA2F}.Release|Any CPU.Build.0 = Release|Any CPU
		{ADF4AE32-4610-4CA7-BA3D-6526004D82C0}.Debug|Any CPU.ActiveCfg = Debug|Any CPU
		{ADF4AE32-4610-4CA7-BA3D-6526004D82C0}.Debug|Any CPU.Build.0 = Debug|Any CPU
		{ADF4AE32-4610-4CA7-BA3D-6526004D82C0}.Release|Any CPU.ActiveCfg = Release|Any CPU
		{ADF4AE32-4610-4CA7-BA3D-6526004D82C0}.Release|Any CPU.Build.0 = Release|Any CPU
		{717493AE-0306-4B0A-BF96-571D5E390F7D}.Debug|Any CPU.ActiveCfg = Debug|Any CPU
		{717493AE-0306-4B0A-BF96-571D5E390F7D}.Debug|Any CPU.Build.0 = Debug|Any CPU
		{717493AE-0306-4B0A-BF96-571D5E390F7D}.Release|Any CPU.ActiveCfg = Release|Any CPU
		{717493AE-0306-4B0A-BF96-571D5E390F7D}.Release|Any CPU.Build.0 = Release|Any CPU
		{C76746C5-9EBD-426D-BD25-935E28EBBCAF}.Debug|Any CPU.ActiveCfg = Debug|Any CPU
		{C76746C5-9EBD-426D-BD25-935E28EBBCAF}.Debug|Any CPU.Build.0 = Debug|Any CPU
		{C76746C5-9EBD-426D-BD25-935E28EBBCAF}.Release|Any CPU.ActiveCfg = Release|Any CPU
		{C76746C5-9EBD-426D-BD25-935E28EBBCAF}.Release|Any CPU.Build.0 = Release|Any CPU
	EndGlobalSection
	GlobalSection(SolutionProperties) = preSolution
		HideSolutionNode = FALSE
	EndGlobalSection
	GlobalSection(ExtensibilityGlobals) = postSolution
		SolutionGuid = {E59F83AC-DEE4-42FD-BB4C-D52CFFC5D4F4}
	EndGlobalSection
EndGlobal
